{
  "requires": true,
  "lockfileVersion": 1,
  "dependencies": {
    "serialize-javascript": {
      "version": "3.0.0",
      "resolved": "https://registry.npmjs.org/serialize-javascript/-/serialize-javascript-3.0.0.tgz",
      "integrity": "sha512-skZcHYw2vEX4bw90nAr2iTTsz6x2SrHEnfxgKYmZlvJYBEZrvbKtobJWlQ20zczKb3bsHHXXTYt48zBA7ni9cw=="
    }
  }
}
